
Microsoft Visual Studio Solution File, Format Version 12.00
# Visual Studio 14
VisualStudioVersion = 14.0.25420.1
MinimumVisualStudioVersion = 10.0.40219.1
Project("{FAE04EC0-301F-11D3-BF4B-00C04F79EFBC}") = "Contoso.Sales", "Contoso.Sales.Mobile\Contoso.Sales\Contoso.Sales.csproj", "{10FA7860-59C5-4AFA-88D6-3B7F2241C4F5}"
EndProject
Project("{FAE04EC0-301F-11D3-BF4B-00C04F79EFBC}") = "Contoso.Sales.Droid", "Contoso.Sales.Mobile\Contoso.Sales.Droid\Contoso.Sales.Droid.csproj", "{D5C7D86F-55F7-4764-9D8D-8E0EF627622E}"
EndProject
Project("{FAE04EC0-301F-11D3-BF4B-00C04F79EFBC}") = "Contoso.Sales.iOS", "Contoso.Sales.Mobile\Contoso.Sales.iOS\Contoso.Sales.iOS.csproj", "{AB2B0D8F-1765-4460-8BF3-8D82E2621FE9}"
EndProject
Project("{FAE04EC0-301F-11D3-BF4B-00C04F79EFBC}") = "Contoso.Sales.Windows", "Contoso.Sales.Mobile\Contoso.Sales.Windows\Contoso.Sales.Windows.csproj", "{26138A1E-8489-416E-9A9F-82114280A504}"
EndProject
Project("{FAE04EC0-301F-11D3-BF4B-00C04F79EFBC}") = "Contoso.Sales.WinPhone", "Contoso.Sales.Mobile\Contoso.Sales.WinPhone\Contoso.Sales.WinPhone.csproj", "{BC51A1BC-E873-493F-9E31-3A1D03E96A41}"
EndProject
Project("{FAE04EC0-301F-11D3-BF4B-00C04F79EFBC}") = "Contoso.Sales.UITest", "Contoso.Sales.UITest\Contoso.Sales.UITest.csproj", "{06820F25-A4FE-408D-BE4E-3C548D979CDC}"
EndProject
Global
	GlobalSection(SolutionConfigurationPlatforms) = preSolution
		Ad-Hoc|Any CPU = Ad-Hoc|Any CPU
		Ad-Hoc|ARM = Ad-Hoc|ARM
		Ad-Hoc|iPhone = Ad-Hoc|iPhone
		Ad-Hoc|iPhoneSimulator = Ad-Hoc|iPhoneSimulator
		Ad-Hoc|x64 = Ad-Hoc|x64
		Ad-Hoc|x86 = Ad-Hoc|x86
		AppStore|Any CPU = AppStore|Any CPU
		AppStore|ARM = AppStore|ARM
		AppStore|iPhone = AppStore|iPhone
		AppStore|iPhoneSimulator = AppStore|iPhoneSimulator
		AppStore|x64 = AppStore|x64
		AppStore|x86 = AppStore|x86
		Debug|Any CPU = Debug|Any CPU
		Debug|ARM = Debug|ARM
		Debug|iPhone = Debug|iPhone
		Debug|iPhoneSimulator = Debug|iPhoneSimulator
		Debug|x64 = Debug|x64
		Debug|x86 = Debug|x86
		Release|Any CPU = Release|Any CPU
		Release|ARM = Release|ARM
		Release|iPhone = Release|iPhone
		Release|iPhoneSimulator = Release|iPhoneSimulator
		Release|x64 = Release|x64
		Release|x86 = Release|x86
	EndGlobalSection
	GlobalSection(ProjectConfigurationPlatforms) = postSolution
		{10FA7860-59C5-4AFA-88D6-3B7F2241C4F5}.Ad-Hoc|Any CPU.ActiveCfg = Release|Any CPU
		{10FA7860-59C5-4AFA-88D6-3B7F2241C4F5}.Ad-Hoc|Any CPU.Build.0 = Release|Any CPU
		{10FA7860-59C5-4AFA-88D6-3B7F2241C4F5}.Ad-Hoc|ARM.ActiveCfg = Release|Any CPU
		{10FA7860-59C5-4AFA-88D6-3B7F2241C4F5}.Ad-Hoc|ARM.Build.0 = Release|Any CPU
		{10FA7860-59C5-4AFA-88D6-3B7F2241C4F5}.Ad-Hoc|iPhone.ActiveCfg = Release|Any CPU
		{10FA7860-59C5-4AFA-88D6-3B7F2241C4F5}.Ad-Hoc|iPhone.Build.0 = Release|Any CPU
		{10FA7860-59C5-4AFA-88D6-3B7F2241C4F5}.Ad-Hoc|iPhoneSimulator.ActiveCfg = Release|Any CPU
		{10FA7860-59C5-4AFA-88D6-3B7F2241C4F5}.Ad-Hoc|iPhoneSimulator.Build.0 = Release|Any CPU
		{10FA7860-59C5-4AFA-88D6-3B7F2241C4F5}.Ad-Hoc|x64.ActiveCfg = Release|Any CPU
		{10FA7860-59C5-4AFA-88D6-3B7F2241C4F5}.Ad-Hoc|x64.Build.0 = Release|Any CPU
		{10FA7860-59C5-4AFA-88D6-3B7F2241C4F5}.Ad-Hoc|x86.ActiveCfg = Release|Any CPU
		{10FA7860-59C5-4AFA-88D6-3B7F2241C4F5}.Ad-Hoc|x86.Build.0 = Release|Any CPU
		{10FA7860-59C5-4AFA-88D6-3B7F2241C4F5}.AppStore|Any CPU.ActiveCfg = Release|Any CPU
		{10FA7860-59C5-4AFA-88D6-3B7F2241C4F5}.AppStore|Any CPU.Build.0 = Release|Any CPU
		{10FA7860-59C5-4AFA-88D6-3B7F2241C4F5}.AppStore|ARM.ActiveCfg = Release|Any CPU
		{10FA7860-59C5-4AFA-88D6-3B7F2241C4F5}.AppStore|ARM.Build.0 = Release|Any CPU
		{10FA7860-59C5-4AFA-88D6-3B7F2241C4F5}.AppStore|iPhone.ActiveCfg = Release|Any CPU
		{10FA7860-59C5-4AFA-88D6-3B7F2241C4F5}.AppStore|iPhone.Build.0 = Release|Any CPU
		{10FA7860-59C5-4AFA-88D6-3B7F2241C4F5}.AppStore|iPhoneSimulator.ActiveCfg = Release|Any CPU
		{10FA7860-59C5-4AFA-88D6-3B7F2241C4F5}.AppStore|iPhoneSimulator.Build.0 = Release|Any CPU
		{10FA7860-59C5-4AFA-88D6-3B7F2241C4F5}.AppStore|x64.ActiveCfg = Release|Any CPU
		{10FA7860-59C5-4AFA-88D6-3B7F2241C4F5}.AppStore|x64.Build.0 = Release|Any CPU
		{10FA7860-59C5-4AFA-88D6-3B7F2241C4F5}.AppStore|x86.ActiveCfg = Release|Any CPU
		{10FA7860-59C5-4AFA-88D6-3B7F2241C4F5}.AppStore|x86.Build.0 = Release|Any CPU
		{10FA7860-59C5-4AFA-88D6-3B7F2241C4F5}.Debug|Any CPU.ActiveCfg = Debug|Any CPU
		{10FA7860-59C5-4AFA-88D6-3B7F2241C4F5}.Debug|Any CPU.Build.0 = Debug|Any CPU
		{10FA7860-59C5-4AFA-88D6-3B7F2241C4F5}.Debug|ARM.ActiveCfg = Debug|Any CPU
		{10FA7860-59C5-4AFA-88D6-3B7F2241C4F5}.Debug|ARM.Build.0 = Debug|Any CPU
		{10FA7860-59C5-4AFA-88D6-3B7F2241C4F5}.Debug|iPhone.ActiveCfg = Debug|Any CPU
		{10FA7860-59C5-4AFA-88D6-3B7F2241C4F5}.Debug|iPhone.Build.0 = Debug|Any CPU
		{10FA7860-59C5-4AFA-88D6-3B7F2241C4F5}.Debug|iPhoneSimulator.ActiveCfg = Debug|Any CPU
		{10FA7860-59C5-4AFA-88D6-3B7F2241C4F5}.Debug|iPhoneSimulator.Build.0 = Debug|Any CPU
		{10FA7860-59C5-4AFA-88D6-3B7F2241C4F5}.Debug|x64.ActiveCfg = Debug|Any CPU
		{10FA7860-59C5-4AFA-88D6-3B7F2241C4F5}.Debug|x64.Build.0 = Debug|Any CPU
		{10FA7860-59C5-4AFA-88D6-3B7F2241C4F5}.Debug|x86.ActiveCfg = Debug|Any CPU
		{10FA7860-59C5-4AFA-88D6-3B7F2241C4F5}.Debug|x86.Build.0 = Debug|Any CPU
		{10FA7860-59C5-4AFA-88D6-3B7F2241C4F5}.Release|Any CPU.ActiveCfg = Release|Any CPU
		{10FA7860-59C5-4AFA-88D6-3B7F2241C4F5}.Release|Any CPU.Build.0 = Release|Any CPU
		{10FA7860-59C5-4AFA-88D6-3B7F2241C4F5}.Release|ARM.ActiveCfg = Release|Any CPU
		{10FA7860-59C5-4AFA-88D6-3B7F2241C4F5}.Release|ARM.Build.0 = Release|Any CPU
		{10FA7860-59C5-4AFA-88D6-3B7F2241C4F5}.Release|iPhone.ActiveCfg = Release|Any CPU
		{10FA7860-59C5-4AFA-88D6-3B7F2241C4F5}.Release|iPhone.Build.0 = Release|Any CPU
		{10FA7860-59C5-4AFA-88D6-3B7F2241C4F5}.Release|iPhoneSimulator.ActiveCfg = Release|Any CPU
		{10FA7860-59C5-4AFA-88D6-3B7F2241C4F5}.Release|iPhoneSimulator.Build.0 = Release|Any CPU
		{10FA7860-59C5-4AFA-88D6-3B7F2241C4F5}.Release|x64.ActiveCfg = Release|Any CPU
		{10FA7860-59C5-4AFA-88D6-3B7F2241C4F5}.Release|x64.Build.0 = Release|Any CPU
		{10FA7860-59C5-4AFA-88D6-3B7F2241C4F5}.Release|x86.ActiveCfg = Release|Any CPU
		{10FA7860-59C5-4AFA-88D6-3B7F2241C4F5}.Release|x86.Build.0 = Release|Any CPU
		{D5C7D86F-55F7-4764-9D8D-8E0EF627622E}.Ad-Hoc|Any CPU.ActiveCfg = Release|Any CPU
		{D5C7D86F-55F7-4764-9D8D-8E0EF627622E}.Ad-Hoc|Any CPU.Build.0 = Release|Any CPU
		{D5C7D86F-55F7-4764-9D8D-8E0EF627622E}.Ad-Hoc|Any CPU.Deploy.0 = Release|Any CPU
		{D5C7D86F-55F7-4764-9D8D-8E0EF627622E}.Ad-Hoc|ARM.ActiveCfg = Release|Any CPU
		{D5C7D86F-55F7-4764-9D8D-8E0EF627622E}.Ad-Hoc|ARM.Build.0 = Release|Any CPU
		{D5C7D86F-55F7-4764-9D8D-8E0EF627622E}.Ad-Hoc|ARM.Deploy.0 = Release|Any CPU
		{D5C7D86F-55F7-4764-9D8D-8E0EF627622E}.Ad-Hoc|iPhone.ActiveCfg = Release|Any CPU
		{D5C7D86F-55F7-4764-9D8D-8E0EF627622E}.Ad-Hoc|iPhone.Build.0 = Release|Any CPU
		{D5C7D86F-55F7-4764-9D8D-8E0EF627622E}.Ad-Hoc|iPhone.Deploy.0 = Release|Any CPU
		{D5C7D86F-55F7-4764-9D8D-8E0EF627622E}.Ad-Hoc|iPhoneSimulator.ActiveCfg = Release|Any CPU
		{D5C7D86F-55F7-4764-9D8D-8E0EF627622E}.Ad-Hoc|iPhoneSimulator.Build.0 = Release|Any CPU
		{D5C7D86F-55F7-4764-9D8D-8E0EF627622E}.Ad-Hoc|iPhoneSimulator.Deploy.0 = Release|Any CPU
		{D5C7D86F-55F7-4764-9D8D-8E0EF627622E}.Ad-Hoc|x64.ActiveCfg = Release|Any CPU
		{D5C7D86F-55F7-4764-9D8D-8E0EF627622E}.Ad-Hoc|x64.Build.0 = Release|Any CPU
		{D5C7D86F-55F7-4764-9D8D-8E0EF627622E}.Ad-Hoc|x64.Deploy.0 = Release|Any CPU
		{D5C7D86F-55F7-4764-9D8D-8E0EF627622E}.Ad-Hoc|x86.ActiveCfg = Release|Any CPU
		{D5C7D86F-55F7-4764-9D8D-8E0EF627622E}.Ad-Hoc|x86.Build.0 = Release|Any CPU
		{D5C7D86F-55F7-4764-9D8D-8E0EF627622E}.Ad-Hoc|x86.Deploy.0 = Release|Any CPU
		{D5C7D86F-55F7-4764-9D8D-8E0EF627622E}.AppStore|Any CPU.ActiveCfg = Release|Any CPU
		{D5C7D86F-55F7-4764-9D8D-8E0EF627622E}.AppStore|Any CPU.Build.0 = Release|Any CPU
		{D5C7D86F-55F7-4764-9D8D-8E0EF627622E}.AppStore|Any CPU.Deploy.0 = Release|Any CPU
		{D5C7D86F-55F7-4764-9D8D-8E0EF627622E}.AppStore|ARM.ActiveCfg = Release|Any CPU
		{D5C7D86F-55F7-4764-9D8D-8E0EF627622E}.AppStore|ARM.Build.0 = Release|Any CPU
		{D5C7D86F-55F7-4764-9D8D-8E0EF627622E}.AppStore|ARM.Deploy.0 = Release|Any CPU
		{D5C7D86F-55F7-4764-9D8D-8E0EF627622E}.AppStore|iPhone.ActiveCfg = Release|Any CPU
		{D5C7D86F-55F7-4764-9D8D-8E0EF627622E}.AppStore|iPhone.Build.0 = Release|Any CPU
		{D5C7D86F-55F7-4764-9D8D-8E0EF627622E}.AppStore|iPhone.Deploy.0 = Release|Any CPU
		{D5C7D86F-55F7-4764-9D8D-8E0EF627622E}.AppStore|iPhoneSimulator.ActiveCfg = Release|Any CPU
		{D5C7D86F-55F7-4764-9D8D-8E0EF627622E}.AppStore|iPhoneSimulator.Build.0 = Release|Any CPU
		{D5C7D86F-55F7-4764-9D8D-8E0EF627622E}.AppStore|iPhoneSimulator.Deploy.0 = Release|Any CPU
		{D5C7D86F-55F7-4764-9D8D-8E0EF627622E}.AppStore|x64.ActiveCfg = Release|Any CPU
		{D5C7D86F-55F7-4764-9D8D-8E0EF627622E}.AppStore|x64.Build.0 = Release|Any CPU
		{D5C7D86F-55F7-4764-9D8D-8E0EF627622E}.AppStore|x64.Deploy.0 = Release|Any CPU
		{D5C7D86F-55F7-4764-9D8D-8E0EF627622E}.AppStore|x86.ActiveCfg = Release|Any CPU
		{D5C7D86F-55F7-4764-9D8D-8E0EF627622E}.AppStore|x86.Build.0 = Release|Any CPU
		{D5C7D86F-55F7-4764-9D8D-8E0EF627622E}.AppStore|x86.Deploy.0 = Release|Any CPU
		{D5C7D86F-55F7-4764-9D8D-8E0EF627622E}.Debug|Any CPU.ActiveCfg = Debug|Any CPU
		{D5C7D86F-55F7-4764-9D8D-8E0EF627622E}.Debug|Any CPU.Build.0 = Debug|Any CPU
		{D5C7D86F-55F7-4764-9D8D-8E0EF627622E}.Debug|Any CPU.Deploy.0 = Debug|Any CPU
		{D5C7D86F-55F7-4764-9D8D-8E0EF627622E}.Debug|ARM.ActiveCfg = Debug|Any CPU
		{D5C7D86F-55F7-4764-9D8D-8E0EF627622E}.Debug|ARM.Build.0 = Debug|Any CPU
		{D5C7D86F-55F7-4764-9D8D-8E0EF627622E}.Debug|ARM.Deploy.0 = Debug|Any CPU
		{D5C7D86F-55F7-4764-9D8D-8E0EF627622E}.Debug|iPhone.ActiveCfg = Debug|Any CPU
		{D5C7D86F-55F7-4764-9D8D-8E0EF627622E}.Debug|iPhone.Build.0 = Debug|Any CPU
		{D5C7D86F-55F7-4764-9D8D-8E0EF627622E}.Debug|iPhone.Deploy.0 = Debug|Any CPU
		{D5C7D86F-55F7-4764-9D8D-8E0EF627622E}.Debug|iPhoneSimulator.ActiveCfg = Debug|Any CPU
		{D5C7D86F-55F7-4764-9D8D-8E0EF627622E}.Debug|iPhoneSimulator.Build.0 = Debug|Any CPU
		{D5C7D86F-55F7-4764-9D8D-8E0EF627622E}.Debug|iPhoneSimulator.Deploy.0 = Debug|Any CPU
		{D5C7D86F-55F7-4764-9D8D-8E0EF627622E}.Debug|x64.ActiveCfg = Debug|Any CPU
		{D5C7D86F-55F7-4764-9D8D-8E0EF627622E}.Debug|x64.Build.0 = Debug|Any CPU
		{D5C7D86F-55F7-4764-9D8D-8E0EF627622E}.Debug|x64.Deploy.0 = Debug|Any CPU
		{D5C7D86F-55F7-4764-9D8D-8E0EF627622E}.Debug|x86.ActiveCfg = Debug|Any CPU
		{D5C7D86F-55F7-4764-9D8D-8E0EF627622E}.Debug|x86.Build.0 = Debug|Any CPU
		{D5C7D86F-55F7-4764-9D8D-8E0EF627622E}.Debug|x86.Deploy.0 = Debug|Any CPU
		{D5C7D86F-55F7-4764-9D8D-8E0EF627622E}.Release|Any CPU.ActiveCfg = Release|Any CPU
		{D5C7D86F-55F7-4764-9D8D-8E0EF627622E}.Release|Any CPU.Build.0 = Release|Any CPU
		{D5C7D86F-55F7-4764-9D8D-8E0EF627622E}.Release|Any CPU.Deploy.0 = Release|Any CPU
		{D5C7D86F-55F7-4764-9D8D-8E0EF627622E}.Release|ARM.ActiveCfg = Release|Any CPU
		{D5C7D86F-55F7-4764-9D8D-8E0EF627622E}.Release|ARM.Build.0 = Release|Any CPU
		{D5C7D86F-55F7-4764-9D8D-8E0EF627622E}.Release|ARM.Deploy.0 = Release|Any CPU
		{D5C7D86F-55F7-4764-9D8D-8E0EF627622E}.Release|iPhone.ActiveCfg = Release|Any CPU
		{D5C7D86F-55F7-4764-9D8D-8E0EF627622E}.Release|iPhone.Build.0 = Release|Any CPU
		{D5C7D86F-55F7-4764-9D8D-8E0EF627622E}.Release|iPhone.Deploy.0 = Release|Any CPU
		{D5C7D86F-55F7-4764-9D8D-8E0EF627622E}.Release|iPhoneSimulator.ActiveCfg = Release|Any CPU
		{D5C7D86F-55F7-4764-9D8D-8E0EF627622E}.Release|iPhoneSimulator.Build.0 = Release|Any CPU
		{D5C7D86F-55F7-4764-9D8D-8E0EF627622E}.Release|iPhoneSimulator.Deploy.0 = Release|Any CPU
		{D5C7D86F-55F7-4764-9D8D-8E0EF627622E}.Release|x64.ActiveCfg = Release|Any CPU
		{D5C7D86F-55F7-4764-9D8D-8E0EF627622E}.Release|x64.Build.0 = Release|Any CPU
		{D5C7D86F-55F7-4764-9D8D-8E0EF627622E}.Release|x64.Deploy.0 = Release|Any CPU
		{D5C7D86F-55F7-4764-9D8D-8E0EF627622E}.Release|x86.ActiveCfg = Release|Any CPU
		{D5C7D86F-55F7-4764-9D8D-8E0EF627622E}.Release|x86.Build.0 = Release|Any CPU
		{D5C7D86F-55F7-4764-9D8D-8E0EF627622E}.Release|x86.Deploy.0 = Release|Any CPU
		{AB2B0D8F-1765-4460-8BF3-8D82E2621FE9}.Ad-Hoc|Any CPU.ActiveCfg = Ad-Hoc|iPhone
		{AB2B0D8F-1765-4460-8BF3-8D82E2621FE9}.Ad-Hoc|ARM.ActiveCfg = Ad-Hoc|iPhone
		{AB2B0D8F-1765-4460-8BF3-8D82E2621FE9}.Ad-Hoc|iPhone.ActiveCfg = Ad-Hoc|iPhone
		{AB2B0D8F-1765-4460-8BF3-8D82E2621FE9}.Ad-Hoc|iPhone.Build.0 = Ad-Hoc|iPhone
		{AB2B0D8F-1765-4460-8BF3-8D82E2621FE9}.Ad-Hoc|iPhoneSimulator.ActiveCfg = Ad-Hoc|iPhoneSimulator
		{AB2B0D8F-1765-4460-8BF3-8D82E2621FE9}.Ad-Hoc|iPhoneSimulator.Build.0 = Ad-Hoc|iPhoneSimulator
		{AB2B0D8F-1765-4460-8BF3-8D82E2621FE9}.Ad-Hoc|x64.ActiveCfg = Ad-Hoc|iPhone
		{AB2B0D8F-1765-4460-8BF3-8D82E2621FE9}.Ad-Hoc|x86.ActiveCfg = Ad-Hoc|iPhone
		{AB2B0D8F-1765-4460-8BF3-8D82E2621FE9}.AppStore|Any CPU.ActiveCfg = AppStore|iPhone
		{AB2B0D8F-1765-4460-8BF3-8D82E2621FE9}.AppStore|ARM.ActiveCfg = AppStore|iPhone
		{AB2B0D8F-1765-4460-8BF3-8D82E2621FE9}.AppStore|iPhone.ActiveCfg = AppStore|iPhone
		{AB2B0D8F-1765-4460-8BF3-8D82E2621FE9}.AppStore|iPhone.Build.0 = AppStore|iPhone
		{AB2B0D8F-1765-4460-8BF3-8D82E2621FE9}.AppStore|iPhoneSimulator.ActiveCfg = AppStore|iPhoneSimulator
		{AB2B0D8F-1765-4460-8BF3-8D82E2621FE9}.AppStore|iPhoneSimulator.Build.0 = AppStore|iPhoneSimulator
		{AB2B0D8F-1765-4460-8BF3-8D82E2621FE9}.AppStore|x64.ActiveCfg = AppStore|iPhone
		{AB2B0D8F-1765-4460-8BF3-8D82E2621FE9}.AppStore|x86.ActiveCfg = AppStore|iPhone
		{AB2B0D8F-1765-4460-8BF3-8D82E2621FE9}.Debug|Any CPU.ActiveCfg = Debug|iPhone
		{AB2B0D8F-1765-4460-8BF3-8D82E2621FE9}.Debug|ARM.ActiveCfg = Debug|iPhone
		{AB2B0D8F-1765-4460-8BF3-8D82E2621FE9}.Debug|iPhone.ActiveCfg = Debug|iPhone
		{AB2B0D8F-1765-4460-8BF3-8D82E2621FE9}.Debug|iPhone.Build.0 = Debug|iPhone
		{AB2B0D8F-1765-4460-8BF3-8D82E2621FE9}.Debug|iPhoneSimulator.ActiveCfg = Debug|iPhoneSimulator
		{AB2B0D8F-1765-4460-8BF3-8D82E2621FE9}.Debug|iPhoneSimulator.Build.0 = Debug|iPhoneSimulator
		{AB2B0D8F-1765-4460-8BF3-8D82E2621FE9}.Debug|x64.ActiveCfg = Debug|iPhone
		{AB2B0D8F-1765-4460-8BF3-8D82E2621FE9}.Debug|x86.ActiveCfg = Debug|iPhone
		{AB2B0D8F-1765-4460-8BF3-8D82E2621FE9}.Release|Any CPU.ActiveCfg = Release|iPhone
		{AB2B0D8F-1765-4460-8BF3-8D82E2621FE9}.Release|ARM.ActiveCfg = Release|iPhone
		{AB2B0D8F-1765-4460-8BF3-8D82E2621FE9}.Release|iPhone.ActiveCfg = Release|iPhone
		{AB2B0D8F-1765-4460-8BF3-8D82E2621FE9}.Release|iPhone.Build.0 = Release|iPhone
		{AB2B0D8F-1765-4460-8BF3-8D82E2621FE9}.Release|iPhoneSimulator.ActiveCfg = Release|iPhoneSimulator
		{AB2B0D8F-1765-4460-8BF3-8D82E2621FE9}.Release|iPhoneSimulator.Build.0 = Release|iPhoneSimulator
		{AB2B0D8F-1765-4460-8BF3-8D82E2621FE9}.Release|x64.ActiveCfg = Release|iPhone
		{AB2B0D8F-1765-4460-8BF3-8D82E2621FE9}.Release|x86.ActiveCfg = Release|iPhone
		{26138A1E-8489-416E-9A9F-82114280A504}.Ad-Hoc|Any CPU.ActiveCfg = Release|Any CPU
		{26138A1E-8489-416E-9A9F-82114280A504}.Ad-Hoc|Any CPU.Build.0 = Release|Any CPU
		{26138A1E-8489-416E-9A9F-82114280A504}.Ad-Hoc|Any CPU.Deploy.0 = Release|Any CPU
		{26138A1E-8489-416E-9A9F-82114280A504}.Ad-Hoc|ARM.ActiveCfg = Release|ARM
		{26138A1E-8489-416E-9A9F-82114280A504}.Ad-Hoc|ARM.Build.0 = Release|ARM
		{26138A1E-8489-416E-9A9F-82114280A504}.Ad-Hoc|ARM.Deploy.0 = Release|ARM
		{26138A1E-8489-416E-9A9F-82114280A504}.Ad-Hoc|iPhone.ActiveCfg = Release|Any CPU
		{26138A1E-8489-416E-9A9F-82114280A504}.Ad-Hoc|iPhone.Build.0 = Release|Any CPU
		{26138A1E-8489-416E-9A9F-82114280A504}.Ad-Hoc|iPhone.Deploy.0 = Release|Any CPU
		{26138A1E-8489-416E-9A9F-82114280A504}.Ad-Hoc|iPhoneSimulator.ActiveCfg = Release|Any CPU
		{26138A1E-8489-416E-9A9F-82114280A504}.Ad-Hoc|iPhoneSimulator.Build.0 = Release|Any CPU
		{26138A1E-8489-416E-9A9F-82114280A504}.Ad-Hoc|iPhoneSimulator.Deploy.0 = Release|Any CPU
		{26138A1E-8489-416E-9A9F-82114280A504}.Ad-Hoc|x64.ActiveCfg = Release|x64
		{26138A1E-8489-416E-9A9F-82114280A504}.Ad-Hoc|x64.Build.0 = Release|x64
		{26138A1E-8489-416E-9A9F-82114280A504}.Ad-Hoc|x64.Deploy.0 = Release|x64
		{26138A1E-8489-416E-9A9F-82114280A504}.Ad-Hoc|x86.ActiveCfg = Release|x86
		{26138A1E-8489-416E-9A9F-82114280A504}.Ad-Hoc|x86.Build.0 = Release|x86
		{26138A1E-8489-416E-9A9F-82114280A504}.Ad-Hoc|x86.Deploy.0 = Release|x86
		{26138A1E-8489-416E-9A9F-82114280A504}.AppStore|Any CPU.ActiveCfg = Release|Any CPU
		{26138A1E-8489-416E-9A9F-82114280A504}.AppStore|Any CPU.Build.0 = Release|Any CPU
		{26138A1E-8489-416E-9A9F-82114280A504}.AppStore|Any CPU.Deploy.0 = Release|Any CPU
		{26138A1E-8489-416E-9A9F-82114280A504}.AppStore|ARM.ActiveCfg = Release|ARM
		{26138A1E-8489-416E-9A9F-82114280A504}.AppStore|ARM.Build.0 = Release|ARM
		{26138A1E-8489-416E-9A9F-82114280A504}.AppStore|ARM.Deploy.0 = Release|ARM
		{26138A1E-8489-416E-9A9F-82114280A504}.AppStore|iPhone.ActiveCfg = Release|Any CPU
		{26138A1E-8489-416E-9A9F-82114280A504}.AppStore|iPhone.Build.0 = Release|Any CPU
		{26138A1E-8489-416E-9A9F-82114280A504}.AppStore|iPhone.Deploy.0 = Release|Any CPU
		{26138A1E-8489-416E-9A9F-82114280A504}.AppStore|iPhoneSimulator.ActiveCfg = Release|Any CPU
		{26138A1E-8489-416E-9A9F-82114280A504}.AppStore|iPhoneSimulator.Build.0 = Release|Any CPU
		{26138A1E-8489-416E-9A9F-82114280A504}.AppStore|iPhoneSimulator.Deploy.0 = Release|Any CPU
		{26138A1E-8489-416E-9A9F-82114280A504}.AppStore|x64.ActiveCfg = Release|x64
		{26138A1E-8489-416E-9A9F-82114280A504}.AppStore|x64.Build.0 = Release|x64
		{26138A1E-8489-416E-9A9F-82114280A504}.AppStore|x64.Deploy.0 = Release|x64
		{26138A1E-8489-416E-9A9F-82114280A504}.AppStore|x86.ActiveCfg = Release|x86
		{26138A1E-8489-416E-9A9F-82114280A504}.AppStore|x86.Build.0 = Release|x86
		{26138A1E-8489-416E-9A9F-82114280A504}.AppStore|x86.Deploy.0 = Release|x86
		{26138A1E-8489-416E-9A9F-82114280A504}.Debug|Any CPU.ActiveCfg = Debug|Any CPU
		{26138A1E-8489-416E-9A9F-82114280A504}.Debug|Any CPU.Build.0 = Debug|Any CPU
		{26138A1E-8489-416E-9A9F-82114280A504}.Debug|Any CPU.Deploy.0 = Debug|Any CPU
		{26138A1E-8489-416E-9A9F-82114280A504}.Debug|ARM.ActiveCfg = Debug|ARM
		{26138A1E-8489-416E-9A9F-82114280A504}.Debug|ARM.Build.0 = Debug|ARM
		{26138A1E-8489-416E-9A9F-82114280A504}.Debug|ARM.Deploy.0 = Debug|ARM
		{26138A1E-8489-416E-9A9F-82114280A504}.Debug|iPhone.ActiveCfg = Debug|Any CPU
		{26138A1E-8489-416E-9A9F-82114280A504}.Debug|iPhone.Build.0 = Debug|Any CPU
		{26138A1E-8489-416E-9A9F-82114280A504}.Debug|iPhone.Deploy.0 = Debug|Any CPU
		{26138A1E-8489-416E-9A9F-82114280A504}.Debug|iPhoneSimulator.ActiveCfg = Debug|Any CPU
		{26138A1E-8489-416E-9A9F-82114280A504}.Debug|iPhoneSimulator.Build.0 = Debug|Any CPU
		{26138A1E-8489-416E-9A9F-82114280A504}.Debug|iPhoneSimulator.Deploy.0 = Debug|Any CPU
		{26138A1E-8489-416E-9A9F-82114280A504}.Debug|x64.ActiveCfg = Debug|x64
		{26138A1E-8489-416E-9A9F-82114280A504}.Debug|x64.Build.0 = Debug|x64
		{26138A1E-8489-416E-9A9F-82114280A504}.Debug|x64.Deploy.0 = Debug|x64
		{26138A1E-8489-416E-9A9F-82114280A504}.Debug|x86.ActiveCfg = Debug|x86
		{26138A1E-8489-416E-9A9F-82114280A504}.Debug|x86.Build.0 = Debug|x86
		{26138A1E-8489-416E-9A9F-82114280A504}.Debug|x86.Deploy.0 = Debug|x86
		{26138A1E-8489-416E-9A9F-82114280A504}.Release|Any CPU.ActiveCfg = Release|Any CPU
		{26138A1E-8489-416E-9A9F-82114280A504}.Release|ARM.ActiveCfg = Release|ARM
		{26138A1E-8489-416E-9A9F-82114280A504}.Release|ARM.Build.0 = Release|ARM
		{26138A1E-8489-416E-9A9F-82114280A504}.Release|ARM.Deploy.0 = Release|ARM
		{26138A1E-8489-416E-9A9F-82114280A504}.Release|iPhone.ActiveCfg = Release|Any CPU
		{26138A1E-8489-416E-9A9F-82114280A504}.Release|iPhone.Build.0 = Release|Any CPU
		{26138A1E-8489-416E-9A9F-82114280A504}.Release|iPhone.Deploy.0 = Release|Any CPU
		{26138A1E-8489-416E-9A9F-82114280A504}.Release|iPhoneSimulator.ActiveCfg = Release|Any CPU
		{26138A1E-8489-416E-9A9F-82114280A504}.Release|iPhoneSimulator.Build.0 = Release|Any CPU
		{26138A1E-8489-416E-9A9F-82114280A504}.Release|iPhoneSimulator.Deploy.0 = Release|Any CPU
		{26138A1E-8489-416E-9A9F-82114280A504}.Release|x64.ActiveCfg = Release|x64
		{26138A1E-8489-416E-9A9F-82114280A504}.Release|x64.Build.0 = Release|x64
		{26138A1E-8489-416E-9A9F-82114280A504}.Release|x64.Deploy.0 = Release|x64
		{26138A1E-8489-416E-9A9F-82114280A504}.Release|x86.ActiveCfg = Release|x86
		{26138A1E-8489-416E-9A9F-82114280A504}.Release|x86.Build.0 = Release|x86
		{26138A1E-8489-416E-9A9F-82114280A504}.Release|x86.Deploy.0 = Release|x86
		{BC51A1BC-E873-493F-9E31-3A1D03E96A41}.Ad-Hoc|Any CPU.ActiveCfg = Release|Any CPU
		{BC51A1BC-E873-493F-9E31-3A1D03E96A41}.Ad-Hoc|Any CPU.Build.0 = Release|Any CPU
		{BC51A1BC-E873-493F-9E31-3A1D03E96A41}.Ad-Hoc|Any CPU.Deploy.0 = Release|Any CPU
		{BC51A1BC-E873-493F-9E31-3A1D03E96A41}.Ad-Hoc|ARM.ActiveCfg = Release|ARM
		{BC51A1BC-E873-493F-9E31-3A1D03E96A41}.Ad-Hoc|ARM.Build.0 = Release|ARM
		{BC51A1BC-E873-493F-9E31-3A1D03E96A41}.Ad-Hoc|ARM.Deploy.0 = Release|ARM
		{BC51A1BC-E873-493F-9E31-3A1D03E96A41}.Ad-Hoc|iPhone.ActiveCfg = Release|Any CPU
		{BC51A1BC-E873-493F-9E31-3A1D03E96A41}.Ad-Hoc|iPhone.Build.0 = Release|Any CPU
		{BC51A1BC-E873-493F-9E31-3A1D03E96A41}.Ad-Hoc|iPhone.Deploy.0 = Release|Any CPU
		{BC51A1BC-E873-493F-9E31-3A1D03E96A41}.Ad-Hoc|iPhoneSimulator.ActiveCfg = Release|Any CPU
		{BC51A1BC-E873-493F-9E31-3A1D03E96A41}.Ad-Hoc|iPhoneSimulator.Build.0 = Release|Any CPU
		{BC51A1BC-E873-493F-9E31-3A1D03E96A41}.Ad-Hoc|iPhoneSimulator.Deploy.0 = Release|Any CPU
		{BC51A1BC-E873-493F-9E31-3A1D03E96A41}.Ad-Hoc|x64.ActiveCfg = Release|Any CPU
		{BC51A1BC-E873-493F-9E31-3A1D03E96A41}.Ad-Hoc|x64.Build.0 = Release|Any CPU
		{BC51A1BC-E873-493F-9E31-3A1D03E96A41}.Ad-Hoc|x64.Deploy.0 = Release|Any CPU
		{BC51A1BC-E873-493F-9E31-3A1D03E96A41}.Ad-Hoc|x86.ActiveCfg = Release|x86
		{BC51A1BC-E873-493F-9E31-3A1D03E96A41}.Ad-Hoc|x86.Build.0 = Release|x86
		{BC51A1BC-E873-493F-9E31-3A1D03E96A41}.Ad-Hoc|x86.Deploy.0 = Release|x86
		{BC51A1BC-E873-493F-9E31-3A1D03E96A41}.AppStore|Any CPU.ActiveCfg = Release|Any CPU
		{BC51A1BC-E873-493F-9E31-3A1D03E96A41}.AppStore|Any CPU.Build.0 = Release|Any CPU
		{BC51A1BC-E873-493F-9E31-3A1D03E96A41}.AppStore|Any CPU.Deploy.0 = Release|Any CPU
		{BC51A1BC-E873-493F-9E31-3A1D03E96A41}.AppStore|ARM.ActiveCfg = Release|ARM
		{BC51A1BC-E873-493F-9E31-3A1D03E96A41}.AppStore|ARM.Build.0 = Release|ARM
		{BC51A1BC-E873-493F-9E31-3A1D03E96A41}.AppStore|ARM.Deploy.0 = Release|ARM
		{BC51A1BC-E873-493F-9E31-3A1D03E96A41}.AppStore|iPhone.ActiveCfg = Release|Any CPU
		{BC51A1BC-E873-493F-9E31-3A1D03E96A41}.AppStore|iPhone.Build.0 = Release|Any CPU
		{BC51A1BC-E873-493F-9E31-3A1D03E96A41}.AppStore|iPhone.Deploy.0 = Release|Any CPU
		{BC51A1BC-E873-493F-9E31-3A1D03E96A41}.AppStore|iPhoneSimulator.ActiveCfg = Release|Any CPU
		{BC51A1BC-E873-493F-9E31-3A1D03E96A41}.AppStore|iPhoneSimulator.Build.0 = Release|Any CPU
		{BC51A1BC-E873-493F-9E31-3A1D03E96A41}.AppStore|iPhoneSimulator.Deploy.0 = Release|Any CPU
		{BC51A1BC-E873-493F-9E31-3A1D03E96A41}.AppStore|x64.ActiveCfg = Release|Any CPU
		{BC51A1BC-E873-493F-9E31-3A1D03E96A41}.AppStore|x64.Build.0 = Release|Any CPU
		{BC51A1BC-E873-493F-9E31-3A1D03E96A41}.AppStore|x64.Deploy.0 = Release|Any CPU
		{BC51A1BC-E873-493F-9E31-3A1D03E96A41}.AppStore|x86.ActiveCfg = Release|x86
		{BC51A1BC-E873-493F-9E31-3A1D03E96A41}.AppStore|x86.Build.0 = Release|x86
		{BC51A1BC-E873-493F-9E31-3A1D03E96A41}.AppStore|x86.Deploy.0 = Release|x86
		{BC51A1BC-E873-493F-9E31-3A1D03E96A41}.Debug|Any CPU.ActiveCfg = Debug|Any CPU
		{BC51A1BC-E873-493F-9E31-3A1D03E96A41}.Debug|Any CPU.Build.0 = Debug|Any CPU
		{BC51A1BC-E873-493F-9E31-3A1D03E96A41}.Debug|Any CPU.Deploy.0 = Debug|Any CPU
		{BC51A1BC-E873-493F-9E31-3A1D03E96A41}.Debug|ARM.ActiveCfg = Debug|ARM
		{BC51A1BC-E873-493F-9E31-3A1D03E96A41}.Debug|ARM.Build.0 = Debug|ARM
		{BC51A1BC-E873-493F-9E31-3A1D03E96A41}.Debug|ARM.Deploy.0 = Debug|ARM
		{BC51A1BC-E873-493F-9E31-3A1D03E96A41}.Debug|iPhone.ActiveCfg = Debug|Any CPU
		{BC51A1BC-E873-493F-9E31-3A1D03E96A41}.Debug|iPhone.Build.0 = Debug|Any CPU
		{BC51A1BC-E873-493F-9E31-3A1D03E96A41}.Debug|iPhone.Deploy.0 = Debug|Any CPU
		{BC51A1BC-E873-493F-9E31-3A1D03E96A41}.Debug|iPhoneSimulator.ActiveCfg = Debug|Any CPU
		{BC51A1BC-E873-493F-9E31-3A1D03E96A41}.Debug|iPhoneSimulator.Build.0 = Debug|Any CPU
		{BC51A1BC-E873-493F-9E31-3A1D03E96A41}.Debug|iPhoneSimulator.Deploy.0 = Debug|Any CPU
		{BC51A1BC-E873-493F-9E31-3A1D03E96A41}.Debug|x64.ActiveCfg = Debug|Any CPU
		{BC51A1BC-E873-493F-9E31-3A1D03E96A41}.Debug|x64.Build.0 = Debug|Any CPU
		{BC51A1BC-E873-493F-9E31-3A1D03E96A41}.Debug|x64.Deploy.0 = Debug|Any CPU
		{BC51A1BC-E873-493F-9E31-3A1D03E96A41}.Debug|x86.ActiveCfg = Debug|x86
		{BC51A1BC-E873-493F-9E31-3A1D03E96A41}.Debug|x86.Build.0 = Debug|x86
		{BC51A1BC-E873-493F-9E31-3A1D03E96A41}.Debug|x86.Deploy.0 = Debug|x86
		{BC51A1BC-E873-493F-9E31-3A1D03E96A41}.Release|Any CPU.ActiveCfg = Release|Any CPU
		{BC51A1BC-E873-493F-9E31-3A1D03E96A41}.Release|ARM.ActiveCfg = Release|ARM
		{BC51A1BC-E873-493F-9E31-3A1D03E96A41}.Release|ARM.Build.0 = Release|ARM
		{BC51A1BC-E873-493F-9E31-3A1D03E96A41}.Release|ARM.Deploy.0 = Release|ARM
		{BC51A1BC-E873-493F-9E31-3A1D03E96A41}.Release|iPhone.ActiveCfg = Release|Any CPU
		{BC51A1BC-E873-493F-9E31-3A1D03E96A41}.Release|iPhone.Build.0 = Release|Any CPU
		{BC51A1BC-E873-493F-9E31-3A1D03E96A41}.Release|iPhone.Deploy.0 = Release|Any CPU
		{BC51A1BC-E873-493F-9E31-3A1D03E96A41}.Release|iPhoneSimulator.ActiveCfg = Release|Any CPU
		{BC51A1BC-E873-493F-9E31-3A1D03E96A41}.Release|iPhoneSimulator.Build.0 = Release|Any CPU
		{BC51A1BC-E873-493F-9E31-3A1D03E96A41}.Release|iPhoneSimulator.Deploy.0 = Release|Any CPU
		{BC51A1BC-E873-493F-9E31-3A1D03E96A41}.Release|x64.ActiveCfg = Release|Any CPU
		{BC51A1BC-E873-493F-9E31-3A1D03E96A41}.Release|x64.Build.0 = Release|Any CPU
		{BC51A1BC-E873-493F-9E31-3A1D03E96A41}.Release|x64.Deploy.0 = Release|Any CPU
		{BC51A1BC-E873-493F-9E31-3A1D03E96A41}.Release|x86.ActiveCfg = Release|x86
		{BC51A1BC-E873-493F-9E31-3A1D03E96A41}.Release|x86.Build.0 = Release|x86
		{BC51A1BC-E873-493F-9E31-3A1D03E96A41}.Release|x86.Deploy.0 = Release|x86
		{06820F25-A4FE-408D-BE4E-3C548D979CDC}.Ad-Hoc|Any CPU.ActiveCfg = Release|Any CPU
		{06820F25-A4FE-408D-BE4E-3C548D979CDC}.Ad-Hoc|Any CPU.Build.0 = Release|Any CPU
		{06820F25-A4FE-408D-BE4E-3C548D979CDC}.Ad-Hoc|ARM.ActiveCfg = Release|Any CPU
		{06820F25-A4FE-408D-BE4E-3C548D979CDC}.Ad-Hoc|ARM.Build.0 = Release|Any CPU
		{06820F25-A4FE-408D-BE4E-3C548D979CDC}.Ad-Hoc|iPhone.ActiveCfg = Release|Any CPU
		{06820F25-A4FE-408D-BE4E-3C548D979CDC}.Ad-Hoc|iPhone.Build.0 = Release|Any CPU
		{06820F25-A4FE-408D-BE4E-3C548D979CDC}.Ad-Hoc|iPhoneSimulator.ActiveCfg = Release|Any CPU
		{06820F25-A4FE-408D-BE4E-3C548D979CDC}.Ad-Hoc|iPhoneSimulator.Build.0 = Release|Any CPU
		{06820F25-A4FE-408D-BE4E-3C548D979CDC}.Ad-Hoc|x64.ActiveCfg = Release|Any CPU
		{06820F25-A4FE-408D-BE4E-3C548D979CDC}.Ad-Hoc|x64.Build.0 = Release|Any CPU
		{06820F25-A4FE-408D-BE4E-3C548D979CDC}.Ad-Hoc|x86.ActiveCfg = Release|Any CPU
		{06820F25-A4FE-408D-BE4E-3C548D979CDC}.Ad-Hoc|x86.Build.0 = Release|Any CPU
		{06820F25-A4FE-408D-BE4E-3C548D979CDC}.AppStore|Any CPU.ActiveCfg = Release|Any CPU
		{06820F25-A4FE-408D-BE4E-3C548D979CDC}.AppStore|Any CPU.Build.0 = Release|Any CPU
		{06820F25-A4FE-408D-BE4E-3C548D979CDC}.AppStore|ARM.ActiveCfg = Release|Any CPU
		{06820F25-A4FE-408D-BE4E-3C548D979CDC}.AppStore|ARM.Build.0 = Release|Any CPU
		{06820F25-A4FE-408D-BE4E-3C548D979CDC}.AppStore|iPhone.ActiveCfg = Release|Any CPU
		{06820F25-A4FE-408D-BE4E-3C548D979CDC}.AppStore|iPhone.Build.0 = Release|Any CPU
		{06820F25-A4FE-408D-BE4E-3C548D979CDC}.AppStore|iPhoneSimulator.ActiveCfg = Release|Any CPU
		{06820F25-A4FE-408D-BE4E-3C548D979CDC}.AppStore|iPhoneSimulator.Build.0 = Release|Any CPU
		{06820F25-A4FE-408D-BE4E-3C548D979CDC}.AppStore|x64.ActiveCfg = Release|Any CPU
		{06820F25-A4FE-408D-BE4E-3C548D979CDC}.AppStore|x64.Build.0 = Release|Any CPU
		{06820F25-A4FE-408D-BE4E-3C548D979CDC}.AppStore|x86.ActiveCfg = Release|Any CPU
		{06820F25-A4FE-408D-BE4E-3C548D979CDC}.AppStore|x86.Build.0 = Release|Any CPU
		{06820F25-A4FE-408D-BE4E-3C548D979CDC}.Debug|Any CPU.ActiveCfg = Debug|Any CPU
		{06820F25-A4FE-408D-BE4E-3C548D979CDC}.Debug|Any CPU.Build.0 = Debug|Any CPU
		{06820F25-A4FE-408D-BE4E-3C548D979CDC}.Debug|ARM.ActiveCfg = Debug|Any CPU
		{06820F25-A4FE-408D-BE4E-3C548D979CDC}.Debug|ARM.Build.0 = Debug|Any CPU
		{06820F25-A4FE-408D-BE4E-3C548D979CDC}.Debug|iPhone.ActiveCfg = Debug|Any CPU
		{06820F25-A4FE-408D-BE4E-3C548D979CDC}.Debug|iPhone.Build.0 = Debug|Any CPU
		{06820F25-A4FE-408D-BE4E-3C548D979CDC}.Debug|iPhoneSimulator.ActiveCfg = Debug|Any CPU
		{06820F25-A4FE-408D-BE4E-3C548D979CDC}.Debug|iPhoneSimulator.Build.0 = Debug|Any CPU
		{06820F25-A4FE-408D-BE4E-3C548D979CDC}.Debug|x64.ActiveCfg = Debug|Any CPU
		{06820F25-A4FE-408D-BE4E-3C548D979CDC}.Debug|x64.Build.0 = Debug|Any CPU
		{06820F25-A4FE-408D-BE4E-3C548D979CDC}.Debug|x86.ActiveCfg = Debug|Any CPU
		{06820F25-A4FE-408D-BE4E-3C548D979CDC}.Debug|x86.Build.0 = Debug|Any CPU
		{06820F25-A4FE-408D-BE4E-3C548D979CDC}.Release|Any CPU.ActiveCfg = Release|Any CPU
		{06820F25-A4FE-408D-BE4E-3C548D979CDC}.Release|Any CPU.Build.0 = Release|Any CPU
		{06820F25-A4FE-408D-BE4E-3C548D979CDC}.Release|ARM.ActiveCfg = Release|Any CPU
		{06820F25-A4FE-408D-BE4E-3C548D979CDC}.Release|ARM.Build.0 = Release|Any CPU
		{06820F25-A4FE-408D-BE4E-3C548D979CDC}.Release|iPhone.ActiveCfg = Release|Any CPU
		{06820F25-A4FE-408D-BE4E-3C548D979CDC}.Release|iPhone.Build.0 = Release|Any CPU
		{06820F25-A4FE-408D-BE4E-3C548D979CDC}.Release|iPhoneSimulator.ActiveCfg = Release|Any CPU
		{06820F25-A4FE-408D-BE4E-3C548D979CDC}.Release|iPhoneSimulator.Build.0 = Release|Any CPU
		{06820F25-A4FE-408D-BE4E-3C548D979CDC}.Release|x64.ActiveCfg = Release|Any CPU
		{06820F25-A4FE-408D-BE4E-3C548D979CDC}.Release|x64.Build.0 = Release|Any CPU
		{06820F25-A4FE-408D-BE4E-3C548D979CDC}.Release|x86.ActiveCfg = Release|Any CPU
		{06820F25-A4FE-408D-BE4E-3C548D979CDC}.Release|x86.Build.0 = Release|Any CPU
	EndGlobalSection
	GlobalSection(SolutionProperties) = preSolution
		HideSolutionNode = FALSE
	EndGlobalSection
EndGlobal
